
Microsoft Visual Studio Solution File, Format Version 12.00
# Visual Studio 15
VisualStudioVersion = 15.0.26730.16
MinimumVisualStudioVersion = 10.0.40219.1
Project("{FAE04EC0-301F-11D3-BF4B-00C04F79EFBC}") = "Geography.GoogleMaps", "Geography.GoogleMaps\Geography.GoogleMaps.csproj", "{1927921D-7CD7-49F9-8E48-3A5DF1ABC898}"
EndProject
Global
	GlobalSection(SolutionConfigurationPlatforms) = preSolution
		Debug|Any CPU = Debug|Any CPU
		Release|Any CPU = Release|Any CPU
	EndGlobalSection
	GlobalSection(ProjectConfigurationPlatforms) = postSolution
		{1927921D-7CD7-49F9-8E48-3A5DF1ABC898}.Debug|Any CPU.ActiveCfg = Debug|Any CPU
		{1927921D-7CD7-49F9-8E48-3A5DF1ABC898}.Debug|Any CPU.Build.0 = Debug|Any CPU
		{1927921D-7CD7-49F9-8E48-3A5DF1ABC898}.Release|Any CPU.ActiveCfg = Release|Any CPU
		{1927921D-7CD7-49F9-8E48-3A5DF1ABC898}.Release|Any CPU.Build.0 = Release|Any CPU
	EndGlobalSection
	GlobalSection(SolutionProperties) = preSolution
		HideSolutionNode = FALSE
	EndGlobalSection
	GlobalSection(ExtensibilityGlobals) = postSolution
		SolutionGuid = {FD38BA2C-B0C4-4E48-ABC9-DF1DAC02B3FA}
	EndGlobalSection
EndGlobal
